
Microsoft Visual Studio Solution File, Format Version 12.00
# Visual Studio 15
VisualStudioVersion = 15.0.28307.421
MinimumVisualStudioVersion = 10.0.40219.1
Project("{FAE04EC0-301F-11D3-BF4B-00C04F79EFBC}") = "AuthorizationToken", "AuthorizationToken\AuthorizationToken.csproj", "{210A2C71-499F-4E6A-A913-7B71FF623CAE}"
EndProject
Global
	GlobalSection(SolutionConfigurationPlatforms) = preSolution
		Debug|Any CPU = Debug|Any CPU
		Release|Any CPU = Release|Any CPU
	EndGlobalSection
	GlobalSection(ProjectConfigurationPlatforms) = postSolution
		{210A2C71-499F-4E6A-A913-7B71FF623CAE}.Debug|Any CPU.ActiveCfg = Debug|Any CPU
		{210A2C71-499F-4E6A-A913-7B71FF623CAE}.Debug|Any CPU.Build.0 = Debug|Any CPU
		{210A2C71-499F-4E6A-A913-7B71FF623CAE}.Release|Any CPU.ActiveCfg = Release|Any CPU
		{210A2C71-499F-4E6A-A913-7B71FF623CAE}.Release|Any CPU.Build.0 = Release|Any CPU
	EndGlobalSection
	GlobalSection(SolutionProperties) = preSolution
		HideSolutionNode = FALSE
	EndGlobalSection
	GlobalSection(ExtensibilityGlobals) = postSolution
		SolutionGuid = {30EF3E5C-BD80-4DB2-BD9C-740A2BAC440E}
	EndGlobalSection
EndGlobal
